
Microsoft Visual Studio Solution File, Format Version 12.00
Project("{FAE04EC0-301F-11D3-BF4B-00C04F79EFBC}") = "ProvaGithubActions.Src", "ProvaGithubActions.Src\ProvaGithubActions.Src.csproj", "{AF43B57E-39D9-4148-B8E1-2AFBE7C11421}"
EndProject
Project("{FAE04EC0-301F-11D3-BF4B-00C04F79EFBC}") = "ProvaGithubActions.Tests", "ProvaGithubActions.Tests\ProvaGithubActions.Tests.csproj", "{50F81D38-76E0-493D-BEE0-BCC02AAE0E3E}"
EndProject
Global
	GlobalSection(SolutionConfigurationPlatforms) = preSolution
		Debug|Any CPU = Debug|Any CPU
		Release|Any CPU = Release|Any CPU
	EndGlobalSection
	GlobalSection(ProjectConfigurationPlatforms) = postSolution
		{AF43B57E-39D9-4148-B8E1-2AFBE7C11421}.Debug|Any CPU.ActiveCfg = Debug|Any CPU
		{AF43B57E-39D9-4148-B8E1-2AFBE7C11421}.Debug|Any CPU.Build.0 = Debug|Any CPU
		{AF43B57E-39D9-4148-B8E1-2AFBE7C11421}.Release|Any CPU.ActiveCfg = Release|Any CPU
		{AF43B57E-39D9-4148-B8E1-2AFBE7C11421}.Release|Any CPU.Build.0 = Release|Any CPU
		{50F81D38-76E0-493D-BEE0-BCC02AAE0E3E}.Debug|Any CPU.ActiveCfg = Debug|Any CPU
		{50F81D38-76E0-493D-BEE0-BCC02AAE0E3E}.Debug|Any CPU.Build.0 = Debug|Any CPU
		{50F81D38-76E0-493D-BEE0-BCC02AAE0E3E}.Release|Any CPU.ActiveCfg = Release|Any CPU
		{50F81D38-76E0-493D-BEE0-BCC02AAE0E3E}.Release|Any CPU.Build.0 = Release|Any CPU
	EndGlobalSection
EndGlobal
